// !$*UTF8*$!
{
	archiveVersion = 1;
	classes = {
	};
	objectVersion = 56;
	objects = {

/* Begin PBXBuildFile section */
		F312140C29FC954A00817D62 /* PerguntaTextoVideo.swift in Sources */ = {isa = PBXBuildFile; fileRef = F312140B29FC954A00817D62 /* PerguntaTextoVideo.swift */; };
		F312140E29FD9EDF00817D62 /* PerguntaVideoTexto.swift in Sources */ = {isa = PBXBuildFile; fileRef = F312140D29FD9EDF00817D62 /* PerguntaVideoTexto.swift */; };
		F361AB972A0AF9C90036C24E /* OptionsArray.swift in Sources */ = {isa = PBXBuildFile; fileRef = F361AB962A0AF9C90036C24E /* OptionsArray.swift */; };
		F361AB992A0C43F90036C24E /* FinishedTema.swift in Sources */ = {isa = PBXBuildFile; fileRef = F361AB982A0C43F90036C24E /* FinishedTema.swift */; };
		F3A38E6129FB3B4A000B7B18 /* DuoLibrasApp.swift in Sources */ = {isa = PBXBuildFile; fileRef = F3A38E6029FB3B4A000B7B18 /* DuoLibrasApp.swift */; };
		F3A38E6329FB3B4A000B7B18 /* ContentView.swift in Sources */ = {isa = PBXBuildFile; fileRef = F3A38E6229FB3B4A000B7B18 /* ContentView.swift */; };
		F3A38E6529FB3B4C000B7B18 /* Assets.xcassets in Resources */ = {isa = PBXBuildFile; fileRef = F3A38E6429FB3B4C000B7B18 /* Assets.xcassets */; };
		F3A38E6829FB3B4C000B7B18 /* Preview Assets.xcassets in Resources */ = {isa = PBXBuildFile; fileRef = F3A38E6729FB3B4C000B7B18 /* Preview Assets.xcassets */; };
		F3A38E7029FB3B9B000B7B18 /* TemaViewModel.swift in Sources */ = {isa = PBXBuildFile; fileRef = F3A38E6F29FB3B9B000B7B18 /* TemaViewModel.swift */; };
		F3A38E7229FB3BC2000B7B18 /* Temas.swift in Sources */ = {isa = PBXBuildFile; fileRef = F3A38E7129FB3BC2000B7B18 /* Temas.swift */; };
		F3A38E7429FB4310000B7B18 /* Informacoes.swift in Sources */ = {isa = PBXBuildFile; fileRef = F3A38E7329FB4310000B7B18 /* Informacoes.swift */; };
		F3A38E7729FB43AC000B7B18 /* TemaView.swift in Sources */ = {isa = PBXBuildFile; fileRef = F3A38E7629FB43AC000B7B18 /* TemaView.swift */; };
/* End PBXBuildFile section */

/* Begin PBXFileReference section */
		F312140B29FC954A00817D62 /* PerguntaTextoVideo.swift */ = {isa = PBXFileReference; lastKnownFileType = sourcecode.swift; path = PerguntaTextoVideo.swift; sourceTree = "<group>"; };
		F312140D29FD9EDF00817D62 /* PerguntaVideoTexto.swift */ = {isa = PBXFileReference; lastKnownFileType = sourcecode.swift; path = PerguntaVideoTexto.swift; sourceTree = "<group>"; };
		F361AB962A0AF9C90036C24E /* OptionsArray.swift */ = {isa = PBXFileReference; lastKnownFileType = sourcecode.swift; path = OptionsArray.swift; sourceTree = "<group>"; };
		F361AB982A0C43F90036C24E /* FinishedTema.swift */ = {isa = PBXFileReference; lastKnownFileType = sourcecode.swift; path = FinishedTema.swift; sourceTree = "<group>"; };
		F3A38E5D29FB3B4A000B7B18 /* DuoLibras.app */ = {isa = PBXFileReference; explicitFileType = wrapper.application; includeInIndex = 0; path = DuoLibras.app; sourceTree = BUILT_PRODUCTS_DIR; };
		F3A38E6029FB3B4A000B7B18 /* DuoLibrasApp.swift */ = {isa = PBXFileReference; lastKnownFileType = sourcecode.swift; path = DuoLibrasApp.swift; sourceTree = "<group>"; };
		F3A38E6229FB3B4A000B7B18 /* ContentView.swift */ = {isa = PBXFileReference; lastKnownFileType = sourcecode.swift; path = ContentView.swift; sourceTree = "<group>"; };
		F3A38E6429FB3B4C000B7B18 /* Assets.xcassets */ = {isa = PBXFileReference; lastKnownFileType = folder.assetcatalog; path = Assets.xcassets; sourceTree = "<group>"; };
		F3A38E6729FB3B4C000B7B18 /* Preview Assets.xcassets */ = {isa = PBXFileReference; lastKnownFileType = folder.assetcatalog; path = "Preview Assets.xcassets"; sourceTree = "<group>"; };
		F3A38E6F29FB3B9B000B7B18 /* TemaViewModel.swift */ = {isa = PBXFileReference; lastKnownFileType = sourcecode.swift; path = TemaViewModel.swift; sourceTree = "<group>"; };
		F3A38E7129FB3BC2000B7B18 /* Temas.swift */ = {isa = PBXFileReference; lastKnownFileType = sourcecode.swift; path = Temas.swift; sourceTree = "<group>"; };
		F3A38E7329FB4310000B7B18 /* Informacoes.swift */ = {isa = PBXFileReference; lastKnownFileType = sourcecode.swift; path = Informacoes.swift; sourceTree = "<group>"; };
		F3A38E7629FB43AC000B7B18 /* TemaView.swift */ = {isa = PBXFileReference; lastKnownFileType = sourcecode.swift; path = TemaView.swift; sourceTree = "<group>"; };
/* End PBXFileReference section */

/* Begin PBXFrameworksBuildPhase section */
		F3A38E5A29FB3B4A000B7B18 /* Frameworks */ = {
			isa = PBXFrameworksBuildPhase;
			buildActionMask = 2147483647;
			files = (
			);
			runOnlyForDeploymentPostprocessing = 0;
		};
/* End PBXFrameworksBuildPhase section */

/* Begin PBXGroup section */
		F312140629FC8E6D00817D62 /* Views */ = {
			isa = PBXGroup;
			children = (
				F3A38E7329FB4310000B7B18 /* Informacoes.swift */,
				F312140B29FC954A00817D62 /* PerguntaTextoVideo.swift */,
				F312140D29FD9EDF00817D62 /* PerguntaVideoTexto.swift */,
				F361AB982A0C43F90036C24E /* FinishedTema.swift */,
			);
			path = Views;
			sourceTree = "<group>";
		};
		F312140729FC8E9B00817D62 /* ViewModels */ = {
			isa = PBXGroup;
			children = (
				F3A38E6F29FB3B9B000B7B18 /* TemaViewModel.swift */,
			);
			path = ViewModels;
			sourceTree = "<group>";
		};
		F312140829FC8EAC00817D62 /* Models */ = {
			isa = PBXGroup;
			children = (
				F3A38E7129FB3BC2000B7B18 /* Temas.swift */,
				F361AB962A0AF9C90036C24E /* OptionsArray.swift */,
			);
			path = Models;
			sourceTree = "<group>";
		};
		F3A38E5429FB3B4A000B7B18 = {
			isa = PBXGroup;
			children = (
				F3A38E5F29FB3B4A000B7B18 /* DuoLibras */,
				F3A38E5E29FB3B4A000B7B18 /* Products */,
			);
			sourceTree = "<group>";
		};
		F3A38E5E29FB3B4A000B7B18 /* Products */ = {
			isa = PBXGroup;
			children = (
				F3A38E5D29FB3B4A000B7B18 /* DuoLibras.app */,
			);
			name = Products;
			sourceTree = "<group>";
		};
		F3A38E5F29FB3B4A000B7B18 /* DuoLibras */ = {
			isa = PBXGroup;
			children = (
				F312140829FC8EAC00817D62 /* Models */,
				F312140729FC8E9B00817D62 /* ViewModels */,
				F312140629FC8E6D00817D62 /* Views */,
				F3A38E7529FB437B000B7B18 /* Componets */,
				F3A38E6029FB3B4A000B7B18 /* DuoLibrasApp.swift */,
				F3A38E6229FB3B4A000B7B18 /* ContentView.swift */,
				F3A38E6429FB3B4C000B7B18 /* Assets.xcassets */,
				F3A38E6629FB3B4C000B7B18 /* Preview Content */,
			);
			path = DuoLibras;
			sourceTree = "<group>";
		};
		F3A38E6629FB3B4C000B7B18 /* Preview Content */ = {
			isa = PBXGroup;
			children = (
				F3A38E6729FB3B4C000B7B18 /* Preview Assets.xcassets */,
			);
			path = "Preview Content";
			sourceTree = "<group>";
		};
		F3A38E7529FB437B000B7B18 /* Componets */ = {
			isa = PBXGroup;
			children = (
				F3A38E7629FB43AC000B7B18 /* TemaView.swift */,
			);
			path = Componets;
			sourceTree = "<group>";
		};
/* End PBXGroup section */

/* Begin PBXNativeTarget section */
		F3A38E5C29FB3B4A000B7B18 /* DuoLibras */ = {
			isa = PBXNativeTarget;
			buildConfigurationList = F3A38E6B29FB3B4C000B7B18 /* Build configuration list for PBXNativeTarget "DuoLibras" */;
			buildPhases = (
				F3A38E5929FB3B4A000B7B18 /* Sources */,
				F3A38E5A29FB3B4A000B7B18 /* Frameworks */,
				F3A38E5B29FB3B4A000B7B18 /* Resources */,
			);
			buildRules = (
			);
			dependencies = (
			);
			name = DuoLibras;
			productName = DuoLibras;
			productReference = F3A38E5D29FB3B4A000B7B18 /* DuoLibras.app */;
			productType = "com.apple.product-type.application";
		};
/* End PBXNativeTarget section */

/* Begin PBXProject section */
		F3A38E5529FB3B4A000B7B18 /* Project object */ = {
			isa = PBXProject;
			attributes = {
				BuildIndependentTargetsInParallel = 1;
				LastSwiftUpdateCheck = 1420;
				LastUpgradeCheck = 1420;
				TargetAttributes = {
					F3A38E5C29FB3B4A000B7B18 = {
						CreatedOnToolsVersion = 14.2;
					};
				};
			};
			buildConfigurationList = F3A38E5829FB3B4A000B7B18 /* Build configuration list for PBXProject "DuoLibras" */;
			compatibilityVersion = "Xcode 14.0";
			developmentRegion = en;
			hasScannedForEncodings = 0;
			knownRegions = (
				en,
				Base,
			);
			mainGroup = F3A38E5429FB3B4A000B7B18;
			productRefGroup = F3A38E5E29FB3B4A000B7B18 /* Products */;
			projectDirPath = "";
			projectRoot = "";
			targets = (
				F3A38E5C29FB3B4A000B7B18 /* DuoLibras */,
			);
		};
/* End PBXProject section */

/* Begin PBXResourcesBuildPhase section */
		F3A38E5B29FB3B4A000B7B18 /* Resources */ = {
			isa = PBXResourcesBuildPhase;
			buildActionMask = 2147483647;
			files = (
				F3A38E6829FB3B4C000B7B18 /* Preview Assets.xcassets in Resources */,
				F3A38E6529FB3B4C000B7B18 /* Assets.xcassets in Resources */,
			);
			runOnlyForDeploymentPostprocessing = 0;
		};
/* End PBXResourcesBuildPhase section */

/* Begin PBXSourcesBuildPhase section */
		F3A38E5929FB3B4A000B7B18 /* Sources */ = {
			isa = PBXSourcesBuildPhase;
			buildActionMask = 2147483647;
			files = (
				F3A38E7229FB3BC2000B7B18 /* Temas.swift in Sources */,
				F3A38E6329FB3B4A000B7B18 /* ContentView.swift in Sources */,
				F361AB992A0C43F90036C24E /* FinishedTema.swift in Sources */,
				F3A38E7429FB4310000B7B18 /* Informacoes.swift in Sources */,
				F3A38E7729FB43AC000B7B18 /* TemaView.swift in Sources */,
				F361AB972A0AF9C90036C24E /* OptionsArray.swift in Sources */,
				F3A38E6129FB3B4A000B7B18 /* DuoLibrasApp.swift in Sources */,
				F3A38E7029FB3B9B000B7B18 /* TemaViewModel.swift in Sources */,
				F312140C29FC954A00817D62 /* PerguntaTextoVideo.swift in Sources */,
				F312140E29FD9EDF00817D62 /* PerguntaVideoTexto.swift in Sources */,
			);
			runOnlyForDeploymentPostprocessing = 0;
		};
/* End PBXSourcesBuildPhase section */

/* Begin XCBuildConfiguration section */
		F3A38E6929FB3B4C000B7B18 /* Debug */ = {
			isa = XCBuildConfiguration;
			buildSettings = {
				ALWAYS_SEARCH_USER_PATHS = NO;
				CLANG_ANALYZER_NONNULL = YES;
				CLANG_ANALYZER_NUMBER_OBJECT_CONVERSION = YES_AGGRESSIVE;
				CLANG_CXX_LANGUAGE_STANDARD = "gnu++20";
				CLANG_ENABLE_MODULES = YES;
				CLANG_ENABLE_OBJC_ARC = YES;
				CLANG_ENABLE_OBJC_WEAK = YES;
				CLANG_WARN_BLOCK_CAPTURE_AUTORELEASING = YES;
				CLANG_WARN_BOOL_CONVERSION = YES;
				CLANG_WARN_COMMA = YES;
				CLANG_WARN_CONSTANT_CONVERSION = YES;
				CLANG_WARN_DEPRECATED_OBJC_IMPLEMENTATIONS = YES;
				CLANG_WARN_DIRECT_OBJC_ISA_USAGE = YES_ERROR;
				CLANG_WARN_DOCUMENTATION_COMMENTS = YES;
				CLANG_WARN_EMPTY_BODY = YES;
				CLANG_WARN_ENUM_CONVERSION = YES;
				CLANG_WARN_INFINITE_RECURSION = YES;
				CLANG_WARN_INT_CONVERSION = YES;
				CLANG_WARN_NON_LITERAL_NULL_CONVERSION = YES;
				CLANG_WARN_OBJC_IMPLICIT_RETAIN_SELF = YES;
				CLANG_WARN_OBJC_LITERAL_CONVERSION = YES;
				CLANG_WARN_OBJC_ROOT_CLASS = YES_ERROR;
				CLANG_WARN_QUOTED_INCLUDE_IN_FRAMEWORK_HEADER = YES;
				CLANG_WARN_RANGE_LOOP_ANALYSIS = YES;
				CLANG_WARN_STRICT_PROTOTYPES = YES;
				CLANG_WARN_SUSPICIOUS_MOVE = YES;
				CLANG_WARN_UNGUARDED_AVAILABILITY = YES_AGGRESSIVE;
				CLANG_WARN_UNREACHABLE_CODE = YES;
				CLANG_WARN__DUPLICATE_METHOD_MATCH = YES;
				COPY_PHASE_STRIP = NO;
				DEBUG_INFORMATION_FORMAT = dwarf;
				ENABLE_STRICT_OBJC_MSGSEND = YES;
				ENABLE_TESTABILITY = YES;
				GCC_C_LANGUAGE_STANDARD = gnu11;
				GCC_DYNAMIC_NO_PIC = NO;
				GCC_NO_COMMON_BLOCKS = YES;
				GCC_OPTIMIZATION_LEVEL = 0;
				GCC_PREPROCESSOR_DEFINITIONS = (
					"DEBUG=1",
					"$(inherited)",
				);
				GCC_WARN_64_TO_32_BIT_CONVERSION = YES;
				GCC_WARN_ABOUT_RETURN_TYPE = YES_ERROR;
				GCC_WARN_UNDECLARED_SELECTOR = YES;
				GCC_WARN_UNINITIALIZED_AUTOS = YES_AGGRESSIVE;
				GCC_WARN_UNUSED_FUNCTION = YES;
				GCC_WARN_UNUSED_VARIABLE = YES;
				IPHONEOS_DEPLOYMENT_TARGET = 16.2;
				MTL_ENABLE_DEBUG_INFO = INCLUDE_SOURCE;
				MTL_FAST_MATH = YES;
				ONLY_ACTIVE_ARCH = YES;
				SDKROOT = iphoneos;
				SWIFT_ACTIVE_COMPILATION_CONDITIONS = DEBUG;
				SWIFT_OPTIMIZATION_LEVEL = "-Onone";
			};
			name = Debug;
		};
		F3A38E6A29FB3B4C000B7B18 /* Release */ = {
			isa = XCBuildConfiguration;
			buildSettings = {
				ALWAYS_SEARCH_USER_PATHS = NO;
				CLANG_ANALYZER_NONNULL = YES;
				CLANG_ANALYZER_NUMBER_OBJECT_CONVERSION = YES_AGGRESSIVE;
				CLANG_CXX_LANGUAGE_STANDARD = "gnu++20";
				CLANG_ENABLE_MODULES = YES;
				CLANG_ENABLE_OBJC_ARC = YES;
				CLANG_ENABLE_OBJC_WEAK = YES;
				CLANG_WARN_BLOCK_CAPTURE_AUTORELEASING = YES;
				CLANG_WARN_BOOL_CONVERSION = YES;
				CLANG_WARN_COMMA = YES;
				CLANG_WARN_CONSTANT_CONVERSION = YES;
				CLANG_WARN_DEPRECATED_OBJC_IMPLEMENTATIONS = YES;
				CLANG_WARN_DIRECT_OBJC_ISA_USAGE = YES_ERROR;
				CLANG_WARN_DOCUMENTATION_COMMENTS = YES;
				CLANG_WARN_EMPTY_BODY = YES;
				CLANG_WARN_ENUM_CONVERSION = YES;
				CLANG_WARN_INFINITE_RECURSION = YES;
				CLANG_WARN_INT_CONVERSION = YES;
				CLANG_WARN_NON_LITERAL_NULL_CONVERSION = YES;
				CLANG_WARN_OBJC_IMPLICIT_RETAIN_SELF = YES;
				CLANG_WARN_OBJC_LITERAL_CONVERSION = YES;
				CLANG_WARN_OBJC_ROOT_CLASS = YES_ERROR;
				CLANG_WARN_QUOTED_INCLUDE_IN_FRAMEWORK_HEADER = YES;
				CLANG_WARN_RANGE_LOOP_ANALYSIS = YES;
				CLANG_WARN_STRICT_PROTOTYPES = YES;
				CLANG_WARN_SUSPICIOUS_MOVE = YES;
				CLANG_WARN_UNGUARDED_AVAILABILITY = YES_AGGRESSIVE;
				CLANG_WARN_UNREACHABLE_CODE = YES;
				CLANG_WARN__DUPLICATE_METHOD_MATCH = YES;
				COPY_PHASE_STRIP = NO;
				DEBUG_INFORMATION_FORMAT = "dwarf-with-dsym";
				ENABLE_NS_ASSERTIONS = NO;
				ENABLE_STRICT_OBJC_MSGSEND = YES;
				GCC_C_LANGUAGE_STANDARD = gnu11;
				GCC_NO_COMMON_BLOCKS = YES;
				GCC_WARN_64_TO_32_BIT_CONVERSION = YES;
				GCC_WARN_ABOUT_RETURN_TYPE = YES_ERROR;
				GCC_WARN_UNDECLARED_SELECTOR = YES;
				GCC_WARN_UNINITIALIZED_AUTOS = YES_AGGRESSIVE;
				GCC_WARN_UNUSED_FUNCTION = YES;
				GCC_WARN_UNUSED_VARIABLE = YES;
				IPHONEOS_DEPLOYMENT_TARGET = 16.2;
				MTL_ENABLE_DEBUG_INFO = NO;
				MTL_FAST_MATH = YES;
				SDKROOT = iphoneos;
				SWIFT_COMPILATION_MODE = wholemodule;
				SWIFT_OPTIMIZATION_LEVEL = "-O";
				VALIDATE_PRODUCT = YES;
			};
			name = Release;
		};
		F3A38E6C29FB3B4C000B7B18 /* Debug */ = {
			isa = XCBuildConfiguration;
			buildSettings = {
				ASSETCATALOG_COMPILER_APPICON_NAME = AppIcon;
				ASSETCATALOG_COMPILER_GLOBAL_ACCENT_COLOR_NAME = AccentColor;
				CODE_SIGN_STYLE = Automatic;
				CURRENT_PROJECT_VERSION = 1;
				DEVELOPMENT_ASSET_PATHS = "\"DuoLibras/Preview Content\"";
				ENABLE_PREVIEWS = YES;
				GENERATE_INFOPLIST_FILE = YES;
				INFOPLIST_KEY_UIApplicationSceneManifest_Generation = YES;
				INFOPLIST_KEY_UIApplicationSupportsIndirectInputEvents = YES;
				INFOPLIST_KEY_UILaunchScreen_Generation = YES;
				INFOPLIST_KEY_UISupportedInterfaceOrientations_iPad = "UIInterfaceOrientationPortrait UIInterfaceOrientationPortraitUpsideDown UIInterfaceOrientationLandscapeLeft UIInterfaceOrientationLandscapeRight";
				INFOPLIST_KEY_UISupportedInterfaceOrientations_iPhone = "UIInterfaceOrientationPortrait UIInterfaceOrientationLandscapeLeft UIInterfaceOrientationLandscapeRight";
				LD_RUNPATH_SEARCH_PATHS = (
					"$(inherited)",
					"@executable_path/Frameworks",
				);
				MARKETING_VERSION = 1.0;
				PRODUCT_BUNDLE_IDENTIFIER = com.br.barbaracarmo.DuoLibras;
				PRODUCT_NAME = "$(TARGET_NAME)";
				SWIFT_EMIT_LOC_STRINGS = YES;
				SWIFT_VERSION = 5.0;
				TARGETED_DEVICE_FAMILY = "1,2";
			};
			name = Debug;
		};
		F3A38E6D29FB3B4C000B7B18 /* Release */ = {
			isa = XCBuildConfiguration;
			buildSettings = {
				ASSETCATALOG_COMPILER_APPICON_NAME = AppIcon;
				ASSETCATALOG_COMPILER_GLOBAL_ACCENT_COLOR_NAME = AccentColor;
				CODE_SIGN_STYLE = Automatic;
				CURRENT_PROJECT_VERSION = 1;
				DEVELOPMENT_ASSET_PATHS = "\"DuoLibras/Preview Content\"";
				ENABLE_PREVIEWS = YES;
				GENERATE_INFOPLIST_FILE = YES;
				INFOPLIST_KEY_UIApplicationSceneManifest_Generation = YES;
				INFOPLIST_KEY_UIApplicationSupportsIndirectInputEvents = YES;
				INFOPLIST_KEY_UILaunchScreen_Generation = YES;
				INFOPLIST_KEY_UISupportedInterfaceOrientations_iPad = "UIInterfaceOrientationPortrait UIInterfaceOrientationPortraitUpsideDown UIInterfaceOrientationLandscapeLeft UIInterfaceOrientationLandscapeRight";
				INFOPLIST_KEY_UISupportedInterfaceOrientations_iPhone = "UIInterfaceOrientationPortrait UIInterfaceOrientationLandscapeLeft UIInterfaceOrientationLandscapeRight";
				LD_RUNPATH_SEARCH_PATHS = (
					"$(inherited)",
					"@executable_path/Frameworks",
				);
				MARKETING_VERSION = 1.0;
				PRODUCT_BUNDLE_IDENTIFIER = com.br.barbaracarmo.DuoLibras;
				PRODUCT_NAME = "$(TARGET_NAME)";
				SWIFT_EMIT_LOC_STRINGS = YES;
				SWIFT_VERSION = 5.0;
				TARGETED_DEVICE_FAMILY = "1,2";
			};
			name = Release;
		};
/* End XCBuildConfiguration section */

/* Begin XCConfigurationList section */
		F3A38E5829FB3B4A000B7B18 /* Build configuration list for PBXProject "DuoLibras" */ = {
			isa = XCConfigurationList;
			buildConfigurations = (
				F3A38E6929FB3B4C000B7B18 /* Debug */,
				F3A38E6A29FB3B4C000B7B18 /* Release */,
			);
			defaultConfigurationIsVisible = 0;
			defaultConfigurationName = Release;
		};
		F3A38E6B29FB3B4C000B7B18 /* Build configuration list for PBXNativeTarget "DuoLibras" */ = {
			isa = XCConfigurationList;
			buildConfigurations = (
				F3A38E6C29FB3B4C000B7B18 /* Debug */,
				F3A38E6D29FB3B4C000B7B18 /* Release */,
			);
			defaultConfigurationIsVisible = 0;
			defaultConfigurationName = Release;
		};
/* End XCConfigurationList section */
	};
	rootObject = F3A38E5529FB3B4A000B7B18 /* Project object */;
}
